version = 1
revision = 1
requires-python = ">=3.12"

[[package]]
name = "ancestry-autoencoder"
version = "0.1.0"
source = { virtual = "." }
dependencies = [
    { name = "eel" },
]

[package.metadata]
requires-dist = [{ name = "eel", specifier = ">=0.18.1" }]

[[package]]
name = "bottle"
version = "0.13.2"
source = { registry = "https://pypi.org/simple" }
sdist = { url = "https://files.pythonhosted.org/packages/1b/fb/97839b95c2a2ea1ca91877a846988f90f4ca16ee42c0bb79e079171c0c06/bottle-0.13.2.tar.gz", hash = "sha256:e53803b9d298c7d343d00ba7d27b0059415f04b9f6f40b8d58b5bf914ba9d348", size = 98472 }
wheels = [
    { url = "https://files.pythonhosted.org/packages/7e/0a/a5260c758ff813acc6967344339aa7ba15f815575f4d49141685c4345d39/bottle-0.13.2-py2.py3-none-any.whl", hash = "sha256:27569ab8d1332fbba3e400b3baab2227ab4efb4882ff147af05a7c00ed73409c", size = 104053 },
]

[[package]]
name = "bottle-websocket"
version = "0.2.9"
source = { registry = "https://pypi.org/simple" }
dependencies = [
    { name = "bottle" },
    { name = "gevent-websocket" },
]
sdist = { url = "https://files.pythonhosted.org/packages/17/8e/a22666b4bb0a6e31de579504077df2b1c2f1438136777c728e6cfabef295/bottle-websocket-0.2.9.tar.gz", hash = "sha256:9887f70dc0c7592ed8d0d11a14aa95dede6cd08d50d83d5b81fd963e5fec738b", size = 2007 }

[[package]]
name = "cffi"
version = "1.17.1"
source = { registry = "https://pypi.org/simple" }
dependencies = [
    { name = "pycparser" },
]
sdist = { url = "https://files.pythonhosted.org/packages/fc/97/c783634659c2920c3fc70419e3af40972dbaf758daa229a7d6ea6135c90d/cffi-1.17.1.tar.gz", hash = "sha256:1c39c6016c32bc48dd54561950ebd6836e1670f2ae46128f67cf49e789c52824", size = 516621 }
wheels = [
    { url = "https://files.pythonhosted.org/packages/86/c5/28b2d6f799ec0bdecf44dced2ec5ed43e0eb63097b0f58c293583b406582/cffi-1.17.1-cp312-cp312-win32.whl", hash = "sha256:a08d7e755f8ed21095a310a693525137cfe756ce62d066e53f502a83dc550f65", size = 172448 },
    { url = "https://files.pythonhosted.org/packages/50/b9/db34c4755a7bd1cb2d1603ac3863f22bcecbd1ba29e5ee841a4bc510b294/cffi-1.17.1-cp312-cp312-win_amd64.whl", hash = "sha256:51392eae71afec0d0c8fb1a53b204dbb3bcabcb3c9b807eedf3e1e6ccf2de903", size = 181976 },
    { url = "https://files.pythonhosted.org/packages/bf/ee/f94057fa6426481d663b88637a9a10e859e492c73d0384514a17d78ee205/cffi-1.17.1-cp313-cp313-win32.whl", hash = "sha256:e03eab0a8677fa80d646b5ddece1cbeaf556c313dcfac435ba11f107ba117b5d", size = 172475 },
    { url = "https://files.pythonhosted.org/packages/7c/fc/6a8cb64e5f0324877d503c854da15d76c1e50eb722e320b15345c4d0c6de/cffi-1.17.1-cp313-cp313-win_amd64.whl", hash = "sha256:f6a16c31041f09ead72d69f583767292f750d24913dadacf5756b966aacb3f1a", size = 182009 },
]

[[package]]
name = "eel"
version = "0.18.1"
source = { registry = "https://pypi.org/simple" }
dependencies = [
    { name = "bottle" },
    { name = "bottle-websocket" },
    { name = "future" },
    { name = "pyparsing" },
    { name = "typing-extensions" },
]
sdist = { url = "https://files.pythonhosted.org/packages/6f/a3/5d31ea931bff935157de46fce73402e23ce94a043c9e75c679d47d14d314/eel-0.18.1.tar.gz", hash = "sha256:3db520182f7665c29f2e0147d11eae728d8a8453e11529d9c236b5a3b9801a22", size = 26544 }

[[package]]
name = "future"
version = "1.0.0"
source = { registry = "https://pypi.org/simple" }
sdist = { url = "https://files.pythonhosted.org/packages/a7/b2/4140c69c6a66432916b26158687e821ba631a4c9273c474343badf84d3ba/future-1.0.0.tar.gz", hash = "sha256:bd2968309307861edae1458a4f8a4f3598c03be43b97521076aebf5d94c07b05", size = 1228490 }
wheels = [
    { url = "https://files.pythonhosted.org/packages/da/71/ae30dadffc90b9006d77af76b393cb9dfbfc9629f339fc1574a1c52e6806/future-1.0.0-py3-none-any.whl", hash = "sha256:929292d34f5872e70396626ef385ec22355a1fae8ad29e1a734c3e43f9fbc216", size = 491326 },
]

[[package]]
name = "gevent"
version = "25.4.1"
source = { registry = "https://pypi.org/simple" }
dependencies = [
    { name = "cffi", marker = "platform_python_implementation == 'CPython' and sys_platform == 'win32'" },
    { name = "greenlet", marker = "platform_python_implementation == 'CPython'" },
    { name = "zope-event" },
    { name = "zope-interface" },
]
sdist = { url = "https://files.pythonhosted.org/packages/ca/09/5ac96eece3f119d6d43694d81f26609aaeef00e5e306f0bc98afa7a57b98/gevent-25.4.1.tar.gz", hash = "sha256:9c59dd3aab086092510860a5c9d237429181cca96e684ba052d27e6a45c78345", size = 6342230 }
wheels = [
    { url = "https://files.pythonhosted.org/packages/72/e5/6b0cbd6b602d74397fb8d54a1e708c6b7fc71a2be3fa22a304769a3cf816/gevent-25.4.1-cp312-cp312-macosx_11_0_universal2.whl", hash = "sha256:6cafc4b2e2f55f84acd52c909a2cfda6375e08c1c294536ced473947869f84e8", size = 2968667 },
    { url = "https://files.pythonhosted.org/packages/ef/52/6094caa546ece082025977aab04bc4438f1be26f9b066d71fc88cf84c664/gevent-25.4.1-cp312-cp312-manylinux_2_17_aarch64.manylinux2014_aarch64.whl", hash = "sha256:b43cbe919a22c1b640152ba828dbb72b3b0b600714a481a0240884afe680ae28", size = 1804759 },
    { url = "https://files.pythonhosted.org/packages/98/2d/bf69d09584a2efab508954e0b1d801e174b9fd990031ce982127d76a581d/gevent-25.4.1-cp312-cp312-manylinux_2_17_ppc64le.manylinux2014_ppc64le.whl", hash = "sha256:7135b10f82864e40d25e877419fa1f90f770dc568917513af0e5ba63910e0067", size = 1884537 },
    { url = "https://files.pythonhosted.org/packages/a2/00/3b6138a444cebbcbfc396e94b5d574d4c4698c99925907a3bc9b4c77c994/gevent-25.4.1-cp312-cp312-manylinux_2_17_s390x.manylinux2014_s390x.whl", hash = "sha256:8e5ad1016f7699b6b22186509c64d1b1fcf4df179420062adfebf22fc48bad32", size = 1843995 },
    { url = "https://files.pythonhosted.org/packages/04/59/de812a57f7a815669aa1804d0e4b34505e54ceeca6911407d6e9a388bc4c/gevent-25.4.1-cp312-cp312-manylinux_2_17_x86_64.manylinux2014_x86_64.whl", hash = "sha256:e940d31f737925d084bcf2b593e0ba04ade04c9cd21a6230b79081af0cd8fb23", size = 2084537 },
    { url = "https://files.pythonhosted.org/packages/7f/2a/6804db208b8b64f6750346ddc2f63acf6603461a08b3a66f583d4083f380/gevent-25.4.1-cp312-cp312-musllinux_1_1_aarch64.whl", hash = "sha256:5f8c584b946f1b476f23bf03b64c4e21f8e6273faa8cf8c91e199491dc1a2b2e", size = 1821653 },
    { url = "https://files.pythonhosted.org/packages/51/17/00e4f70b76310ca1f1bbe9f3f52a1b4135fb25ed74a5e69e54a9623a6acb/gevent-25.4.1-cp312-cp312-musllinux_1_1_x86_64.whl", hash = "sha256:63b906c23cc27343d74e605f3ce6ee60947b912737e50b5e1b1a56e6adb54ad6", size = 2114620 },
    { url = "https://files.pythonhosted.org/packages/46/0b/bf434ff1bfa97ba27a00fa658323ccdbd847d12302a3ae958e10cf9c90e3/gevent-25.4.1-cp312-cp312-win_amd64.whl", hash = "sha256:b661ead80588352ba94fd55f64432e1eb9a55a259c3a68872377e3c90b087939", size = 1542331 },
    { url = "https://files.pythonhosted.org/packages/ea/8a/865f524bba2247618e8b1925c9769c52d90069521a06ed2e498eeb59699c/gevent-25.4.1-cp313-cp313-macosx_11_0_universal2.whl", hash = "sha256:347c60704fa8b6b3110a376facc69ae405ab4d8a71cb1012f2de24e8059a080b", size = 2995373 },
    { url = "https://files.pythonhosted.org/packages/9c/bd/4424cc294227e688e82f948b6287cdc8585b81dc5432605b65c9c3a755b3/gevent-25.4.1-cp313-cp313-manylinux_2_17_aarch64.manylinux2014_aarch64.whl", hash = "sha256:cd8762bae8633da18884074a3b7ea1384c1c64131ae6e36ecc927675df258e1f", size = 1808367 },
    { url = "https://files.pythonhosted.org/packages/7c/4e/ef93ead0e6ec891b72aeb891a9c326007016f722514a52fb124414405ed3/gevent-25.4.1-cp313-cp313-manylinux_2_17_ppc64le.manylinux2014_ppc64le.whl", hash = "sha256:036cfaf14f90bd8aa57fce4a875693d3712c446371f3812eb113860f7393f670", size = 1885966 },
    { url = "https://files.pythonhosted.org/packages/f7/c0/97724da4a7c130c2b2f39d464cb0ab7a24569974d43c749d5b5aa296cd00/gevent-25.4.1-cp313-cp313-manylinux_2_17_s390x.manylinux2014_s390x.whl", hash = "sha256:61cbe95833751648fae1aa62d50d386fac71658f57ffa76b3140056f5b305086", size = 1847450 },
    { url = "https://files.pythonhosted.org/packages/43/81/da674c856e82ffa40b6a93db1340d4e6e854b9092401b3fc2cf4c7a6a69e/gevent-25.4.1-cp313-cp313-manylinux_2_17_x86_64.manylinux2014_x86_64.whl", hash = "sha256:ec53625dc995086f27bf49be425f3111a8105e04385830266c021c541bd23998", size = 2084495 },
    { url = "https://files.pythonhosted.org/packages/df/c6/e67ff494ee8d26b31de98d195bec1c1da94bddbaa8dda28ee4d2fc4b7a1d/gevent-25.4.1-cp313-cp313-musllinux_1_1_aarch64.whl", hash = "sha256:702ca9a4b75f549c235da6ab9d43fc5261ee7aeaccc6de40f92c43917593ec7f", size = 1823346 },
    { url = "https://files.pythonhosted.org/packages/69/f2/653d1fbeca9a972d4f8e596bca9e733c7a32a658d23cbd7cbc43e7664acb/gevent-25.4.1-cp313-cp313-musllinux_1_1_x86_64.whl", hash = "sha256:cfcbd6cc35449d9346234227d90253bfc2c015027e6b076b9c205633ca7e7ad9", size = 2115478 },
    { url = "https://files.pythonhosted.org/packages/6c/14/4b20b18a40dc053e8e5b87b1e4d4539e23657c2f286c4ea5557294956150/gevent-25.4.1-cp313-cp313-win_amd64.whl", hash = "sha256:f5f51f6fb68e8c47a02b9c16634bbd9b43b2ff6a66c52c71e6a406dd6b07c80c", size = 1540839 },
    { url = "https://files.pythonhosted.org/packages/c8/6f/29b9f50012e8d9966bcfe89879964629f00f885e7602375f673e4fc8839b/gevent-25.4.1-cp314-cp314-macosx_11_0_universal2.whl", hash = "sha256:88cada934c24de811df209d4d5d0cbb78f88a9c3f06ba491ff08c19f6625f9fa", size = 3005686 },
]

[[package]]
name = "gevent-websocket"
version = "0.10.1"
source = { registry = "https://pypi.org/simple" }
dependencies = [
    { name = "gevent" },
]
sdist = { url = "https://files.pythonhosted.org/packages/98/d2/6fa19239ff1ab072af40ebf339acd91fb97f34617c2ee625b8e34bf42393/gevent-websocket-0.10.1.tar.gz", hash = "sha256:7eaef32968290c9121f7c35b973e2cc302ffb076d018c9068d2f5ca8b2d85fb0", size = 18366 }
wheels = [
    { url = "https://files.pythonhosted.org/packages/7b/84/2dc373eb6493e00c884cc11e6c059ec97abae2678d42f06bf780570b0193/gevent_websocket-0.10.1-py3-none-any.whl", hash = "sha256:17b67d91282f8f4c973eba0551183fc84f56f1c90c8f6b6b30256f31f66f5242", size = 22987 },
]

[[package]]
name = "greenlet"
version = "3.2.0"
source = { registry = "https://pypi.org/simple" }
sdist = { url = "https://files.pythonhosted.org/packages/b0/9c/666d8c71b18d0189cf801c0e0b31c4bfc609ac823883286045b1f3ae8994/greenlet-3.2.0.tar.gz", hash = "sha256:1d2d43bd711a43db8d9b9187500e6432ddb4fafe112d082ffabca8660a9e01a7", size = 183685 }
wheels = [
    { url = "https://files.pythonhosted.org/packages/0e/8d/3c55e88ab01866fb696f68d6c94587a1b7ec8c8a9c56b1383ad05bc14811/greenlet-3.2.0-cp312-cp312-macosx_11_0_universal2.whl", hash = "sha256:7d08b88ee8d506ca1f5b2a58744e934d33c6a1686dd83b81e7999dfc704a912f", size = 270391 },
    { url = "https://files.pythonhosted.org/packages/8b/6f/4a15185a386992ba4fbb55f88c1a189b75c7ce6e145b43ae4e50754d1969/greenlet-3.2.0-cp312-cp312-manylinux_2_17_aarch64.manylinux2014_aarch64.whl", hash = "sha256:58ef3d637c54e2f079064ca936556c4af3989144e4154d80cfd4e2a59fc3769c", size = 637202 },
    { url = "https://files.pythonhosted.org/packages/71/f8/60214debfe3b9670bafac97bfc40e318cbddb4ff4b5cf07df119c4a56dcd/greenlet-3.2.0-cp312-cp312-manylinux_2_17_ppc64le.manylinux2014_ppc64le.whl", hash = "sha256:33ea7e7269d6f7275ce31f593d6dcfedd97539c01f63fbdc8d84e493e20b1b2c", size = 651391 },
    { url = "https://files.pythonhosted.org/packages/a9/44/fb5e067a728a4df73a30863973912ba6eb01f3d910caaf129ef789ca222d/greenlet-3.2.0-cp312-cp312-manylinux_2_17_s390x.manylinux2014_s390x.whl", hash = "sha256:e61d426969b68b2170a9f853cc36d5318030494576e9ec0bfe2dc2e2afa15a68", size = 646118 },
    { url = "https://files.pythonhosted.org/packages/f0/3e/f329b452869d8bc07dbaa112c0175de5e666a7d15eb243781481fb59b863/greenlet-3.2.0-cp312-cp312-manylinux_2_17_x86_64.manylinux2014_x86_64.whl", hash = "sha256:04e781447a4722e30b4861af728cb878d73a3df79509dc19ea498090cea5d204", size = 648079 },
    { url = "https://files.pythonhosted.org/packages/56/e5/813a2e8e842289579391cbd3ae6e6e6a3d2fcad8bdd89bd549a4035ab057/greenlet-3.2.0-cp312-cp312-manylinux_2_24_x86_64.manylinux_2_28_x86_64.whl", hash = "sha256:b2392cc41eeed4055978c6b52549ccd9effd263bb780ffd639c0e1e7e2055ab0", size = 603825 },
    { url = "https://files.pythonhosted.org/packages/4a/11/0bad66138622d0c1463b0b87935cefd397f9f04fac325a838525a3aa4da7/greenlet-3.2.0-cp312-cp312-musllinux_1_1_aarch64.whl", hash = "sha256:430cba962c85e339767235a93450a6aaffed6f9c567e73874ea2075f5aae51e1", size = 1119582 },
    { url = "https://files.pythonhosted.org/packages/17/26/0f8a4d222b9014af88bb8b5d921305308dd44de667c01714817dc9fb91fb/greenlet-3.2.0-cp312-cp312-musllinux_1_1_x86_64.whl", hash = "sha256:5e57ff52315bfc0c5493917f328b8ba3ae0c0515d94524453c4d24e7638cbb53", size = 1147452 },
    { url = "https://files.pythonhosted.org/packages/8a/d4/70d262492338c4939f97dca310c45b002a3af84b265720f0e9b135bc85b2/greenlet-3.2.0-cp312-cp312-win_amd64.whl", hash = "sha256:211a9721f540e454a02e62db7956263e9a28a6cf776d4b9a7213844e36426333", size = 296217 },
    { url = "https://files.pythonhosted.org/packages/c9/43/c0b655d4d7eae19282b028bcec449e5c80626ad0d8d0ca3703f9b1c29258/greenlet-3.2.0-cp313-cp313-macosx_11_0_universal2.whl", hash = "sha256:b86a3ccc865ae601f446af042707b749eebc297928ea7bd0c5f60c56525850be", size = 269131 },
    { url = "https://files.pythonhosted.org/packages/7c/7d/c8f51c373c7f7ac0f73d04a6fd77ab34f6f643cb41a0d186d05ba96708e7/greenlet-3.2.0-cp313-cp313-manylinux_2_17_aarch64.manylinux2014_aarch64.whl", hash = "sha256:144283ad88ed77f3ebd74710dd419b55dd15d18704b0ae05935766a93f5671c5", size = 637323 },
    { url = "https://files.pythonhosted.org/packages/89/65/c3ee41b2e56586737d6e124b250583695628ffa6b324855b3a1267a8d1d9/greenlet-3.2.0-cp313-cp313-manylinux_2_17_ppc64le.manylinux2014_ppc64le.whl", hash = "sha256:5be69cd50994b8465c3ad1467f9e63001f76e53a89440ad4440d1b6d52591280", size = 651430 },
    { url = "https://files.pythonhosted.org/packages/f0/07/33bd7a3dcde1db7259371d026ce76be1eb653d2d892334fc79a500b3c5ee/greenlet-3.2.0-cp313-cp313-manylinux_2_17_s390x.manylinux2014_s390x.whl", hash = "sha256:47aeadd1e8fbdef8fdceb8fb4edc0cbb398a57568d56fd68f2bc00d0d809e6b6", size = 645798 },
    { url = "https://files.pythonhosted.org/packages/35/5b/33c221a6a867030b0b770513a1b78f6c30e04294131dafdc8da78906bbe6/greenlet-3.2.0-cp313-cp313-manylinux_2_17_x86_64.manylinux2014_x86_64.whl", hash = "sha256:18adc14ab154ca6e53eecc9dc50ff17aeb7ba70b7e14779b26e16d71efa90038", size = 648271 },
    { url = "https://files.pythonhosted.org/packages/4d/dd/d6452248fa6093504e3b7525dc2bdc4e55a4296ec6ee74ba241a51d852e2/greenlet-3.2.0-cp313-cp313-manylinux_2_24_x86_64.manylinux_2_28_x86_64.whl", hash = "sha256:e8622b33d8694ec373ad55050c3d4e49818132b44852158442e1931bb02af336", size = 606779 },
    { url = "https://files.pythonhosted.org/packages/9d/24/160f04d2589bcb15b8661dcd1763437b22e01643626899a4139bf98f02af/greenlet-3.2.0-cp313-cp313-musllinux_1_1_aarch64.whl", hash = "sha256:e8ac9a2c20fbff3d0b853e9ef705cdedb70d9276af977d1ec1cde86a87a4c821", size = 1117968 },
    { url = "https://files.pythonhosted.org/packages/6c/ff/c6e3f3a5168fef5209cfd9498b2b5dd77a0bf29dfc686a03dcc614cf4432/greenlet-3.2.0-cp313-cp313-musllinux_1_1_x86_64.whl", hash = "sha256:cd37273dc7ca1d5da149b58c8b3ce0711181672ba1b09969663905a765affe21", size = 1145510 },
    { url = "https://files.pythonhosted.org/packages/dc/62/5215e374819052e542b5bde06bd7d4a171454b6938c96a2384f21cb94279/greenlet-3.2.0-cp313-cp313-win_amd64.whl", hash = "sha256:8a8940a8d301828acd8b9f3f85db23069a692ff2933358861b19936e29946b95", size = 296004 },
    { url = "https://files.pythonhosted.org/packages/62/6d/dc9c909cba5cbf4b0833fce69912927a8ca74791c23c47b9fd4f28092108/greenlet-3.2.0-cp313-cp313t-manylinux_2_17_aarch64.manylinux2014_aarch64.whl", hash = "sha256:ee59db626760f1ca8da697a086454210d36a19f7abecc9922a2374c04b47735b", size = 629900 },
    { url = "https://files.pythonhosted.org/packages/5e/a9/f3f304fbbbd604858ff3df303d7fa1d8f7f9e45a6ef74481aaf03aaac021/greenlet-3.2.0-cp313-cp313t-manylinux_2_17_ppc64le.manylinux2014_ppc64le.whl", hash = "sha256:7154b13ef87a8b62fc05419f12d75532d7783586ad016c57b5de8a1c6feeb517", size = 635270 },
    { url = "https://files.pythonhosted.org/packages/34/92/4b7b4e2e23ecc723cceef9fe3898e78c8e14e106cc7ba2f276a66161da3e/greenlet-3.2.0-cp313-cp313t-manylinux_2_17_s390x.manylinux2014_s390x.whl", hash = "sha256:199453d64b02d0c9d139e36d29681efd0e407ed8e2c0bf89d88878d6a787c28f", size = 632534 },
    { url = "https://files.pythonhosted.org/packages/da/7f/91f0ecbe72c9d789fb7f400b39da9d1e87fcc2cf8746a9636479ba79ab01/greenlet-3.2.0-cp313-cp313t-manylinux_2_17_x86_64.manylinux2014_x86_64.whl", hash = "sha256:0010e928e1901d36625f21d008618273f9dda26b516dbdecf873937d39c9dff0", size = 628826 },
    { url = "https://files.pythonhosted.org/packages/9f/59/e449a44ce52b13751f55376d85adc155dd311608f6d2aa5b6bd2c8d15486/greenlet-3.2.0-cp313-cp313t-manylinux_2_24_x86_64.manylinux_2_28_x86_64.whl", hash = "sha256:6005f7a86de836a1dc4b8d824a2339cdd5a1ca7cb1af55ea92575401f9952f4c", size = 593697 },
    { url = "https://files.pythonhosted.org/packages/bb/09/cca3392927c5c990b7a8ede64ccd0712808438d6490d63ce6b8704d6df5f/greenlet-3.2.0-cp313-cp313t-musllinux_1_1_aarch64.whl", hash = "sha256:17fd241c0d50bacb7ce8ff77a30f94a2d0ca69434ba2e0187cf95a5414aeb7e1", size = 1105762 },
    { url = "https://files.pythonhosted.org/packages/4d/b9/3d201f819afc3b7a8cd7ebe645f1a17799603e2d62c968154518f79f4881/greenlet-3.2.0-cp313-cp313t-musllinux_1_1_x86_64.whl", hash = "sha256:7b17a26abc6a1890bf77d5d6b71c0999705386b00060d15c10b8182679ff2790", size = 1125173 },
    { url = "https://files.pythonhosted.org/packages/80/7b/773a30602234597fc2882091f8e1d1a38ea0b4419d99ca7ed82c827e2c3a/greenlet-3.2.0-cp314-cp314-macosx_11_0_universal2.whl", hash = "sha256:397b6bbda06f8fe895893d96218cd6f6d855a6701dc45012ebe12262423cec8b", size = 269908 },
]

[[package]]
name = "pycparser"
version = "2.22"
source = { registry = "https://pypi.org/simple" }
sdist = { url = "https://files.pythonhosted.org/packages/1d/b2/31537cf4b1ca988837256c910a668b553fceb8f069bedc4b1c826024b52c/pycparser-2.22.tar.gz", hash = "sha256:491c8be9c040f5390f5bf44a5b07752bd07f56edf992381b05c701439eec10f6", size = 172736 }
wheels = [
    { url = "https://files.pythonhosted.org/packages/13/a3/a812df4e2dd5696d1f351d58b8fe16a405b234ad2886a0dab9183fb78109/pycparser-2.22-py3-none-any.whl", hash = "sha256:c3702b6d3dd8c7abc1afa565d7e63d53a1d0bd86cdc24edd75470f4de499cfcc", size = 117552 },
]

[[package]]
name = "pyparsing"
version = "3.2.3"
source = { registry = "https://pypi.org/simple" }
sdist = { url = "https://files.pythonhosted.org/packages/bb/22/f1129e69d94ffff626bdb5c835506b3a5b4f3d070f17ea295e12c2c6f60f/pyparsing-3.2.3.tar.gz", hash = "sha256:b9c13f1ab8b3b542f72e28f634bad4de758ab3ce4546e4301970ad6fa77c38be", size = 1088608 }
wheels = [
    { url = "https://files.pythonhosted.org/packages/05/e7/df2285f3d08fee213f2d041540fa4fc9ca6c2d44cf36d3a035bf2a8d2bcc/pyparsing-3.2.3-py3-none-any.whl", hash = "sha256:a749938e02d6fd0b59b356ca504a24982314bb090c383e3cf201c95ef7e2bfcf", size = 111120 },
]

[[package]]
name = "setuptools"
version = "78.1.1"
source = { registry = "https://pypi.org/simple" }
sdist = { url = "https://files.pythonhosted.org/packages/81/9c/42314ee079a3e9c24b27515f9fbc7a3c1d29992c33451779011c74488375/setuptools-78.1.1.tar.gz", hash = "sha256:fcc17fd9cd898242f6b4adfaca46137a9edef687f43e6f78469692a5e70d851d", size = 1368163 }
wheels = [
    { url = "https://files.pythonhosted.org/packages/90/99/158ad0609729111163fc1f674a5a42f2605371a4cf036d0441070e2f7455/setuptools-78.1.1-py3-none-any.whl", hash = "sha256:c3a9c4211ff4c309edb8b8c4f1cbfa7ae324c4ba9f91ff254e3d305b9fd54561", size = 1256462 },
]

[[package]]
name = "typing-extensions"
version = "4.13.2"
source = { registry = "https://pypi.org/simple" }
sdist = { url = "https://files.pythonhosted.org/packages/f6/37/23083fcd6e35492953e8d2aaaa68b860eb422b34627b13f2ce3eb6106061/typing_extensions-4.13.2.tar.gz", hash = "sha256:e6c81219bd689f51865d9e372991c540bda33a0379d5573cddb9a3a23f7caaef", size = 106967 }
wheels = [
    { url = "https://files.pythonhosted.org/packages/8b/54/b1ae86c0973cc6f0210b53d508ca3641fb6d0c56823f288d108bc7ab3cc8/typing_extensions-4.13.2-py3-none-any.whl", hash = "sha256:a439e7c04b49fec3e5d3e2beaa21755cadbbdc391694e28ccdd36ca4a1408f8c", size = 45806 },
]

[[package]]
name = "zope-event"
version = "5.0"
source = { registry = "https://pypi.org/simple" }
dependencies = [
    { name = "setuptools" },
]
sdist = { url = "https://files.pythonhosted.org/packages/46/c2/427f1867bb96555d1d34342f1dd97f8c420966ab564d58d18469a1db8736/zope.event-5.0.tar.gz", hash = "sha256:bac440d8d9891b4068e2b5a2c5e2c9765a9df762944bda6955f96bb9b91e67cd", size = 17350 }
wheels = [
    { url = "https://files.pythonhosted.org/packages/fe/42/f8dbc2b9ad59e927940325a22d6d3931d630c3644dae7e2369ef5d9ba230/zope.event-5.0-py3-none-any.whl", hash = "sha256:2832e95014f4db26c47a13fdaef84cef2f4df37e66b59d8f1f4a8f319a632c26", size = 6824 },
]

[[package]]
name = "zope-interface"
version = "7.2"
source = { registry = "https://pypi.org/simple" }
dependencies = [
    { name = "setuptools" },
]
sdist = { url = "https://files.pythonhosted.org/packages/30/93/9210e7606be57a2dfc6277ac97dcc864fd8d39f142ca194fdc186d596fda/zope.interface-7.2.tar.gz", hash = "sha256:8b49f1a3d1ee4cdaf5b32d2e738362c7f5e40ac8b46dd7d1a65e82a4872728fe", size = 252960 }
wheels = [
    { url = "https://files.pythonhosted.org/packages/68/0b/c7516bc3bad144c2496f355e35bd699443b82e9437aa02d9867653203b4a/zope.interface-7.2-cp312-cp312-macosx_10_9_x86_64.whl", hash = "sha256:086ee2f51eaef1e4a52bd7d3111a0404081dadae87f84c0ad4ce2649d4f708b7", size = 208959 },
    { url = "https://files.pythonhosted.org/packages/a2/e9/1463036df1f78ff8c45a02642a7bf6931ae4a38a4acd6a8e07c128e387a7/zope.interface-7.2-cp312-cp312-macosx_11_0_arm64.whl", hash = "sha256:21328fcc9d5b80768bf051faa35ab98fb979080c18e6f84ab3f27ce703bce465", size = 209357 },
    { url = "https://files.pythonhosted.org/packages/07/a8/106ca4c2add440728e382f1b16c7d886563602487bdd90004788d45eb310/zope.interface-7.2-cp312-cp312-manylinux_2_17_aarch64.manylinux2014_aarch64.whl", hash = "sha256:f6dd02ec01f4468da0f234da9d9c8545c5412fef80bc590cc51d8dd084138a89", size = 264235 },
    { url = "https://files.pythonhosted.org/packages/fc/ca/57286866285f4b8a4634c12ca1957c24bdac06eae28fd4a3a578e30cf906/zope.interface-7.2-cp312-cp312-manylinux_2_5_i686.manylinux1_i686.manylinux_2_17_i686.manylinux2014_i686.whl", hash = "sha256:8e7da17f53e25d1a3bde5da4601e026adc9e8071f9f6f936d0fe3fe84ace6d54", size = 259253 },
    { url = "https://files.pythonhosted.org/packages/96/08/2103587ebc989b455cf05e858e7fbdfeedfc3373358320e9c513428290b1/zope.interface-7.2-cp312-cp312-manylinux_2_5_x86_64.manylinux1_x86_64.manylinux_2_17_x86_64.manylinux2014_x86_64.whl", hash = "sha256:cab15ff4832580aa440dc9790b8a6128abd0b88b7ee4dd56abacbc52f212209d", size = 264702 },
    { url = "https://files.pythonhosted.org/packages/5f/c7/3c67562e03b3752ba4ab6b23355f15a58ac2d023a6ef763caaca430f91f2/zope.interface-7.2-cp312-cp312-win_amd64.whl", hash = "sha256:29caad142a2355ce7cfea48725aa8bcf0067e2b5cc63fcf5cd9f97ad12d6afb5", size = 212466 },
    { url = "https://files.pythonhosted.org/packages/c6/3b/e309d731712c1a1866d61b5356a069dd44e5b01e394b6cb49848fa2efbff/zope.interface-7.2-cp313-cp313-macosx_10_9_x86_64.whl", hash = "sha256:3e0350b51e88658d5ad126c6a57502b19d5f559f6cb0a628e3dc90442b53dd98", size = 208961 },
    { url = "https://files.pythonhosted.org/packages/49/65/78e7cebca6be07c8fc4032bfbb123e500d60efdf7b86727bb8a071992108/zope.interface-7.2-cp313-cp313-macosx_11_0_arm64.whl", hash = "sha256:15398c000c094b8855d7d74f4fdc9e73aa02d4d0d5c775acdef98cdb1119768d", size = 209356 },
    { url = "https://files.pythonhosted.org/packages/11/b1/627384b745310d082d29e3695db5f5a9188186676912c14b61a78bbc6afe/zope.interface-7.2-cp313-cp313-manylinux_2_17_aarch64.manylinux2014_aarch64.whl", hash = "sha256:802176a9f99bd8cc276dcd3b8512808716492f6f557c11196d42e26c01a69a4c", size = 264196 },
    { url = "https://files.pythonhosted.org/packages/b8/f6/54548df6dc73e30ac6c8a7ff1da73ac9007ba38f866397091d5a82237bd3/zope.interface-7.2-cp313-cp313-manylinux_2_5_i686.manylinux1_i686.manylinux_2_17_i686.manylinux2014_i686.whl", hash = "sha256:eb23f58a446a7f09db85eda09521a498e109f137b85fb278edb2e34841055398", size = 259237 },
    { url = "https://files.pythonhosted.org/packages/b6/66/ac05b741c2129fdf668b85631d2268421c5cd1a9ff99be1674371139d665/zope.interface-7.2-cp313-cp313-manylinux_2_5_x86_64.manylinux1_x86_64.manylinux_2_17_x86_64.manylinux2014_x86_64.whl", hash = "sha256:a71a5b541078d0ebe373a81a3b7e71432c61d12e660f1d67896ca62d9628045b", size = 264696 },
    { url = "https://files.pythonhosted.org/packages/0a/2f/1bccc6f4cc882662162a1158cda1a7f616add2ffe322b28c99cb031b4ffc/zope.interface-7.2-cp313-cp313-win_amd64.whl", hash = "sha256:4893395d5dd2ba655c38ceb13014fd65667740f09fa5bb01caa1e6284e48c0cd", size = 212472 },
]
